// !$*UTF8*$!
{
	archiveVersion = 1;
	classes = {
	};
	objectVersion = 50;
	objects = {

/* Begin PBXBuildFile section */
		BCF378D22126B03800CDF998 /* AppDelegate.m in Sources */ = {isa = PBXBuildFile; fileRef = BCF378D12126B03800CDF998 /* AppDelegate.m */; };
		BCF378D52126B03800CDF998 /* ViewController.m in Sources */ = {isa = PBXBuildFile; fileRef = BCF378D42126B03800CDF998 /* ViewController.m */; };
		BCF378D82126B03800CDF998 /* Main.storyboard in Resources */ = {isa = PBXBuildFile; fileRef = BCF378D62126B03800CDF998 /* Main.storyboard */; };
		BCF378DA2126B03A00CDF998 /* Assets.xcassets in Resources */ = {isa = PBXBuildFile; fileRef = BCF378D92126B03A00CDF998 /* Assets.xcassets */; };
		BCF378DD2126B03A00CDF998 /* LaunchScreen.storyboard in Resources */ = {isa = PBXBuildFile; fileRef = BCF378DB2126B03A00CDF998 /* LaunchScreen.storyboard */; };
		BCF378E02126B03A00CDF998 /* main.m in Sources */ = {isa = PBXBuildFile; fileRef = BCF378DF2126B03A00CDF998 /* main.m */; };
		BCF378EA2126B03A00CDF998 /* AlipayDemoTests.m in Sources */ = {isa = PBXBuildFile; fileRef = BCF378E92126B03A00CDF998 /* AlipayDemoTests.m */; };
/* End PBXBuildFile section */

/* Begin PBXContainerItemProxy section */
		BCF378E62126B03A00CDF998 /* PBXContainerItemProxy */ = {
			isa = PBXContainerItemProxy;
			containerPortal = BCF378C52126B03800CDF998 /* Project object */;
			proxyType = 1;
			remoteGlobalIDString = BCF378CC2126B03800CDF998;
			remoteInfo = AlipayDemo;
		};
/* End PBXContainerItemProxy section */

/* Begin PBXFileReference section */
		BCF378CD2126B03800CDF998 /* AlipayDemo.app */ = {isa = PBXFileReference; explicitFileType = wrapper.application; includeInIndex = 0; path = AlipayDemo.app; sourceTree = BUILT_PRODUCTS_DIR; };
		BCF378D02126B03800CDF998 /* AppDelegate.h */ = {isa = PBXFileReference; lastKnownFileType = sourcecode.c.h; path = AppDelegate.h; sourceTree = "<group>"; };
		BCF378D12126B03800CDF998 /* AppDelegate.m */ = {isa = PBXFileReference; lastKnownFileType = sourcecode.c.objc; path = AppDelegate.m; sourceTree = "<group>"; };
		BCF378D32126B03800CDF998 /* ViewController.h */ = {isa = PBXFileReference; lastKnownFileType = sourcecode.c.h; path = ViewController.h; sourceTree = "<group>"; };
		BCF378D42126B03800CDF998 /* ViewController.m */ = {isa = PBXFileReference; lastKnownFileType = sourcecode.c.objc; path = ViewController.m; sourceTree = "<group>"; };
		BCF378D72126B03800CDF998 /* Base */ = {isa = PBXFileReference; lastKnownFileType = file.storyboard; name = Base; path = Base.lproj/Main.storyboard; sourceTree = "<group>"; };
		BCF378D92126B03A00CDF998 /* Assets.xcassets */ = {isa = PBXFileReference; lastKnownFileType = folder.assetcatalog; path = Assets.xcassets; sourceTree = "<group>"; };
		BCF378DC2126B03A00CDF998 /* Base */ = {isa = PBXFileReference; lastKnownFileType = file.storyboard; name = Base; path = Base.lproj/LaunchScreen.storyboard; sourceTree = "<group>"; };
		BCF378DE2126B03A00CDF998 /* Info.plist */ = {isa = PBXFileReference; lastKnownFileType = text.plist.xml; path = Info.plist; sourceTree = "<group>"; };
		BCF378DF2126B03A00CDF998 /* main.m */ = {isa = PBXFileReference; lastKnownFileType = sourcecode.c.objc; path = main.m; sourceTree = "<group>"; };
		BCF378E52126B03A00CDF998 /* AlipayDemoTests.xctest */ = {isa = PBXFileReference; explicitFileType = wrapper.cfbundle; includeInIndex = 0; path = AlipayDemoTests.xctest; sourceTree = BUILT_PRODUCTS_DIR; };
		BCF378E92126B03A00CDF998 /* AlipayDemoTests.m */ = {isa = PBXFileReference; lastKnownFileType = sourcecode.c.objc; path = AlipayDemoTests.m; sourceTree = "<group>"; };
		BCF378EB2126B03A00CDF998 /* Info.plist */ = {isa = PBXFileReference; lastKnownFileType = text.plist.xml; path = Info.plist; sourceTree = "<group>"; };
/* End PBXFileReference section */

/* Begin PBXFrameworksBuildPhase section */
		BCF378CA2126B03800CDF998 /* Frameworks */ = {
			isa = PBXFrameworksBuildPhase;
			buildActionMask = 2147483647;
			files = (
			);
			runOnlyForDeploymentPostprocessing = 0;
		};
		BCF378E22126B03A00CDF998 /* Frameworks */ = {
			isa = PBXFrameworksBuildPhase;
			buildActionMask = 2147483647;
			files = (
			);
			runOnlyForDeploymentPostprocessing = 0;
		};
/* End PBXFrameworksBuildPhase section */

/* Begin PBXGroup section */
		BCF378C42126B03800CDF998 = {
			isa = PBXGroup;
			children = (
				BCF378CF2126B03800CDF998 /* AlipayDemo */,
				BCF378E82126B03A00CDF998 /* AlipayDemoTests */,
				BCF378CE2126B03800CDF998 /* Products */,
			);
			sourceTree = "<group>";
		};
		BCF378CE2126B03800CDF998 /* Products */ = {
			isa = PBXGroup;
			children = (
				BCF378CD2126B03800CDF998 /* AlipayDemo.app */,
				BCF378E52126B03A00CDF998 /* AlipayDemoTests.xctest */,
			);
			name = Products;
			sourceTree = "<group>";
		};
		BCF378CF2126B03800CDF998 /* AlipayDemo */ = {
			isa = PBXGroup;
			children = (
				BCF378D02126B03800CDF998 /* AppDelegate.h */,
				BCF378D12126B03800CDF998 /* AppDelegate.m */,
				BCF378D32126B03800CDF998 /* ViewController.h */,
				BCF378D42126B03800CDF998 /* ViewController.m */,
				BCF378D62126B03800CDF998 /* Main.storyboard */,
				BCF378D92126B03A00CDF998 /* Assets.xcassets */,
				BCF378DB2126B03A00CDF998 /* LaunchScreen.storyboard */,
				BCF378DE2126B03A00CDF998 /* Info.plist */,
				BCF378DF2126B03A00CDF998 /* main.m */,
			);
			path = AlipayDemo;
			sourceTree = "<group>";
		};
		BCF378E82126B03A00CDF998 /* AlipayDemoTests */ = {
			isa = PBXGroup;
			children = (
				BCF378E92126B03A00CDF998 /* AlipayDemoTests.m */,
				BCF378EB2126B03A00CDF998 /* Info.plist */,
			);
			path = AlipayDemoTests;
			sourceTree = "<group>";
		};
/* End PBXGroup section */

/* Begin PBXNativeTarget section */
		BCF378CC2126B03800CDF998 /* AlipayDemo */ = {
			isa = PBXNativeTarget;
			buildConfigurationList = BCF378EE2126B03A00CDF998 /* Build configuration list for PBXNativeTarget "AlipayDemo" */;
			buildPhases = (
				BCF378C92126B03800CDF998 /* Sources */,
				BCF378CA2126B03800CDF998 /* Frameworks */,
				BCF378CB2126B03800CDF998 /* Resources */,
			);
			buildRules = (
			);
			dependencies = (
			);
			name = AlipayDemo;
			productName = AlipayDemo;
			productReference = BCF378CD2126B03800CDF998 /* AlipayDemo.app */;
			productType = "com.apple.product-type.application";
		};
		BCF378E42126B03A00CDF998 /* AlipayDemoTests */ = {
			isa = PBXNativeTarget;
			buildConfigurationList = BCF378F12126B03A00CDF998 /* Build configuration list for PBXNativeTarget "AlipayDemoTests" */;
			buildPhases = (
				BCF378E12126B03A00CDF998 /* Sources */,
				BCF378E22126B03A00CDF998 /* Frameworks */,
				BCF378E32126B03A00CDF998 /* Resources */,
			);
			buildRules = (
			);
			dependencies = (
				BCF378E72126B03A00CDF998 /* PBXTargetDependency */,
			);
			name = AlipayDemoTests;
			productName = AlipayDemoTests;
			productReference = BCF378E52126B03A00CDF998 /* AlipayDemoTests.xctest */;
			productType = "com.apple.product-type.bundle.unit-test";
		};
/* End PBXNativeTarget section */

/* Begin PBXProject section */
		BCF378C52126B03800CDF998 /* Project object */ = {
			isa = PBXProject;
			attributes = {
				LastUpgradeCheck = 0930;
				ORGANIZATIONNAME = ZZinKin;
				TargetAttributes = {
					BCF378CC2126B03800CDF998 = {
						CreatedOnToolsVersion = 9.3;
					};
					BCF378E42126B03A00CDF998 = {
						CreatedOnToolsVersion = 9.3;
						TestTargetID = BCF378CC2126B03800CDF998;
					};
				};
			};
			buildConfigurationList = BCF378C82126B03800CDF998 /* Build configuration list for PBXProject "AlipayDemo" */;
			compatibilityVersion = "Xcode 9.3";
			developmentRegion = en;
			hasScannedForEncodings = 0;
			knownRegions = (
				en,
				Base,
			);
			mainGroup = BCF378C42126B03800CDF998;
			productRefGroup = BCF378CE2126B03800CDF998 /* Products */;
			projectDirPath = "";
			projectRoot = "";
			targets = (
				BCF378CC2126B03800CDF998 /* AlipayDemo */,
				BCF378E42126B03A00CDF998 /* AlipayDemoTests */,
			);
		};
/* End PBXProject section */

/* Begin PBXResourcesBuildPhase section */
		BCF378CB2126B03800CDF998 /* Resources */ = {
			isa = PBXResourcesBuildPhase;
			buildActionMask = 2147483647;
			files = (
				BCF378DD2126B03A00CDF998 /* LaunchScreen.storyboard in Resources */,
				BCF378DA2126B03A00CDF998 /* Assets.xcassets in Resources */,
				BCF378D82126B03800CDF998 /* Main.storyboard in Resources */,
			);
			runOnlyForDeploymentPostprocessing = 0;
		};
		BCF378E32126B03A00CDF998 /* Resources */ = {
			isa = PBXResourcesBuildPhase;
			buildActionMask = 2147483647;
			files = (
			);
			runOnlyForDeploymentPostprocessing = 0;
		};
/* End PBXResourcesBuildPhase section */

/* Begin PBXSourcesBuildPhase section */
		BCF378C92126B03800CDF998 /* Sources */ = {
			isa = PBXSourcesBuildPhase;
			buildActionMask = 2147483647;
			files = (
				BCF378D52126B03800CDF998 /* ViewController.m in Sources */,
				BCF378E02126B03A00CDF998 /* main.m in Sources */,
				BCF378D22126B03800CDF998 /* AppDelegate.m in Sources */,
			);
			runOnlyForDeploymentPostprocessing = 0;
		};
		BCF378E12126B03A00CDF998 /* Sources */ = {
			isa = PBXSourcesBuildPhase;
			buildActionMask = 2147483647;
			files = (
				BCF378EA2126B03A00CDF998 /* AlipayDemoTests.m in Sources */,
			);
			runOnlyForDeploymentPostprocessing = 0;
		};
/* End PBXSourcesBuildPhase section */

/* Begin PBXTargetDependency section */
		BCF378E72126B03A00CDF998 /* PBXTargetDependency */ = {
			isa = PBXTargetDependency;
			target = BCF378CC2126B03800CDF998 /* AlipayDemo */;
			targetProxy = BCF378E62126B03A00CDF998 /* PBXContainerItemProxy */;
		};
/* End PBXTargetDependency section */

/* Begin PBXVariantGroup section */
		BCF378D62126B03800CDF998 /* Main.storyboard */ = {
			isa = PBXVariantGroup;
			children = (
				BCF378D72126B03800CDF998 /* Base */,
			);
			name = Main.storyboard;
			sourceTree = "<group>";
		};
		BCF378DB2126B03A00CDF998 /* LaunchScreen.storyboard */ = {
			isa = PBXVariantGroup;
			children = (
				BCF378DC2126B03A00CDF998 /* Base */,
			);
			name = LaunchScreen.storyboard;
			sourceTree = "<group>";
		};
/* End PBXVariantGroup section */

/* Begin XCBuildConfiguration section */
		BCF378EC2126B03A00CDF998 /* Debug */ = {
			isa = XCBuildConfiguration;
			buildSettings = {
				ALWAYS_SEARCH_USER_PATHS = NO;
				CLANG_ANALYZER_NONNULL = YES;
				CLANG_ANALYZER_NUMBER_OBJECT_CONVERSION = YES_AGGRESSIVE;
				CLANG_CXX_LANGUAGE_STANDARD = "gnu++14";
				CLANG_CXX_LIBRARY = "libc++";
				CLANG_ENABLE_MODULES = YES;
				CLANG_ENABLE_OBJC_ARC = YES;
				CLANG_ENABLE_OBJC_WEAK = YES;
				CLANG_WARN_BLOCK_CAPTURE_AUTORELEASING = YES;
				CLANG_WARN_BOOL_CONVERSION = YES;
				CLANG_WARN_COMMA = YES;
				CLANG_WARN_CONSTANT_CONVERSION = YES;
				CLANG_WARN_DEPRECATED_OBJC_IMPLEMENTATIONS = YES;
				CLANG_WARN_DIRECT_OBJC_ISA_USAGE = YES_ERROR;
				CLANG_WARN_DOCUMENTATION_COMMENTS = YES;
				CLANG_WARN_EMPTY_BODY = YES;
				CLANG_WARN_ENUM_CONVERSION = YES;
				CLANG_WARN_INFINITE_RECURSION = YES;
				CLANG_WARN_INT_CONVERSION = YES;
				CLANG_WARN_NON_LITERAL_NULL_CONVERSION = YES;
				CLANG_WARN_OBJC_IMPLICIT_RETAIN_SELF = YES;
				CLANG_WARN_OBJC_LITERAL_CONVERSION = YES;
				CLANG_WARN_OBJC_ROOT_CLASS = YES_ERROR;
				CLANG_WARN_RANGE_LOOP_ANALYSIS = YES;
				CLANG_WARN_STRICT_PROTOTYPES = YES;
				CLANG_WARN_SUSPICIOUS_MOVE = YES;
				CLANG_WARN_UNGUARDED_AVAILABILITY = YES_AGGRESSIVE;
				CLANG_WARN_UNREACHABLE_CODE = YES;
				CLANG_WARN__DUPLICATE_METHOD_MATCH = YES;
				CODE_SIGN_IDENTITY = "iPhone Developer";
				COPY_PHASE_STRIP = NO;
				DEBUG_INFORMATION_FORMAT = dwarf;
				ENABLE_STRICT_OBJC_MSGSEND = YES;
				ENABLE_TESTABILITY = YES;
				GCC_C_LANGUAGE_STANDARD = gnu11;
				GCC_DYNAMIC_NO_PIC = NO;
				GCC_NO_COMMON_BLOCKS = YES;
				GCC_OPTIMIZATION_LEVEL = 0;
				GCC_PREPROCESSOR_DEFINITIONS = (
					"DEBUG=1",
					"$(inherited)",
				);
				GCC_WARN_64_TO_32_BIT_CONVERSION = YES;
				GCC_WARN_ABOUT_RETURN_TYPE = YES_ERROR;
				GCC_WARN_UNDECLARED_SELECTOR = YES;
				GCC_WARN_UNINITIALIZED_AUTOS = YES_AGGRESSIVE;
				GCC_WARN_UNUSED_FUNCTION = YES;
				GCC_WARN_UNUSED_VARIABLE = YES;
				IPHONEOS_DEPLOYMENT_TARGET = 11.3;
				MTL_ENABLE_DEBUG_INFO = YES;
				ONLY_ACTIVE_ARCH = YES;
				SDKROOT = iphoneos;
			};
			name = Debug;
		};
		BCF378ED2126B03A00CDF998 /* Release */ = {
			isa = XCBuildConfiguration;
			buildSettings = {
				ALWAYS_SEARCH_USER_PATHS = NO;
				CLANG_ANALYZER_NONNULL = YES;
				CLANG_ANALYZER_NUMBER_OBJECT_CONVERSION = YES_AGGRESSIVE;
				CLANG_CXX_LANGUAGE_STANDARD = "gnu++14";
				CLANG_CXX_LIBRARY = "libc++";
				CLANG_ENABLE_MODULES = YES;
				CLANG_ENABLE_OBJC_ARC = YES;
				CLANG_ENABLE_OBJC_WEAK = YES;
				CLANG_WARN_BLOCK_CAPTURE_AUTORELEASING = YES;
				CLANG_WARN_BOOL_CONVERSION = YES;
				CLANG_WARN_COMMA = YES;
				CLANG_WARN_CONSTANT_CONVERSION = YES;
				CLANG_WARN_DEPRECATED_OBJC_IMPLEMENTATIONS = YES;
				CLANG_WARN_DIRECT_OBJC_ISA_USAGE = YES_ERROR;
				CLANG_WARN_DOCUMENTATION_COMMENTS = YES;
				CLANG_WARN_EMPTY_BODY = YES;
				CLANG_WARN_ENUM_CONVERSION = YES;
				CLANG_WARN_INFINITE_RECURSION = YES;
				CLANG_WARN_INT_CONVERSION = YES;
				CLANG_WARN_NON_LITERAL_NULL_CONVERSION = YES;
				CLANG_WARN_OBJC_IMPLICIT_RETAIN_SELF = YES;
				CLANG_WARN_OBJC_LITERAL_CONVERSION = YES;
				CLANG_WARN_OBJC_ROOT_CLASS = YES_ERROR;
				CLANG_WARN_RANGE_LOOP_ANALYSIS = YES;
				CLANG_WARN_STRICT_PROTOTYPES = YES;
				CLANG_WARN_SUSPICIOUS_MOVE = YES;
				CLANG_WARN_UNGUARDED_AVAILABILITY = YES_AGGRESSIVE;
				CLANG_WARN_UNREACHABLE_CODE = YES;
				CLANG_WARN__DUPLICATE_METHOD_MATCH = YES;
				CODE_SIGN_IDENTITY = "iPhone Developer";
				COPY_PHASE_STRIP = NO;
				DEBUG_INFORMATION_FORMAT = "dwarf-with-dsym";
				ENABLE_NS_ASSERTIONS = NO;
				ENABLE_STRICT_OBJC_MSGSEND = YES;
				GCC_C_LANGUAGE_STANDARD = gnu11;
				GCC_NO_COMMON_BLOCKS = YES;
				GCC_WARN_64_TO_32_BIT_CONVERSION = YES;
				GCC_WARN_ABOUT_RETURN_TYPE = YES_ERROR;
				GCC_WARN_UNDECLARED_SELECTOR = YES;
				GCC_WARN_UNINITIALIZED_AUTOS = YES_AGGRESSIVE;
				GCC_WARN_UNUSED_FUNCTION = YES;
				GCC_WARN_UNUSED_VARIABLE = YES;
				IPHONEOS_DEPLOYMENT_TARGET = 11.3;
				MTL_ENABLE_DEBUG_INFO = NO;
				SDKROOT = iphoneos;
				VALIDATE_PRODUCT = YES;
			};
			name = Release;
		};
		BCF378EF2126B03A00CDF998 /* Debug */ = {
			isa = XCBuildConfiguration;
			buildSettings = {
				ASSETCATALOG_COMPILER_APPICON_NAME = AppIcon;
				CODE_SIGN_STYLE = Automatic;
				DEVELOPMENT_TEAM = 65U732MLC9;
				INFOPLIST_FILE = AlipayDemo/Info.plist;
				IPHONEOS_DEPLOYMENT_TARGET = 9.0;
				LD_RUNPATH_SEARCH_PATHS = (
					"$(inherited)",
					"@executable_path/Frameworks",
				);
				PRODUCT_BUNDLE_IDENTIFIER = chaolong.AlipayDemo;
				PRODUCT_NAME = "$(TARGET_NAME)";
				TARGETED_DEVICE_FAMILY = "1,2";
			};
			name = Debug;
		};
		BCF378F02126B03A00CDF998 /* Release */ = {
			isa = XCBuildConfiguration;
			buildSettings = {
				ASSETCATALOG_COMPILER_APPICON_NAME = AppIcon;
				CODE_SIGN_STYLE = Automatic;
				DEVELOPMENT_TEAM = 65U732MLC9;
				INFOPLIST_FILE = AlipayDemo/Info.plist;
				IPHONEOS_DEPLOYMENT_TARGET = 9.0;
				LD_RUNPATH_SEARCH_PATHS = (
					"$(inherited)",
					"@executable_path/Frameworks",
				);
				PRODUCT_BUNDLE_IDENTIFIER = chaolong.AlipayDemo;
				PRODUCT_NAME = "$(TARGET_NAME)";
				TARGETED_DEVICE_FAMILY = "1,2";
			};
			name = Release;
		};
		BCF378F22126B03A00CDF998 /* Debug */ = {
			isa = XCBuildConfiguration;
			buildSettings = {
				BUNDLE_LOADER = "$(TEST_HOST)";
				CODE_SIGN_STYLE = Automatic;
				DEVELOPMENT_TEAM = 65U732MLC9;
				INFOPLIST_FILE = AlipayDemoTests/Info.plist;
				LD_RUNPATH_SEARCH_PATHS = (
					"$(inherited)",
					"@executable_path/Frameworks",
					"@loader_path/Frameworks",
				);
				PRODUCT_BUNDLE_IDENTIFIER = chaolong.AlipayDemoTests;
				PRODUCT_NAME = "$(TARGET_NAME)";
				TARGETED_DEVICE_FAMILY = "1,2";
				TEST_HOST = "$(BUILT_PRODUCTS_DIR)/AlipayDemo.app/AlipayDemo";
			};
			name = Debug;
		};
		BCF378F32126B03A00CDF998 /* Release */ = {
			isa = XCBuildConfiguration;
			buildSettings = {
				BUNDLE_LOADER = "$(TEST_HOST)";
				CODE_SIGN_STYLE = Automatic;
				DEVELOPMENT_TEAM = 65U732MLC9;
				INFOPLIST_FILE = AlipayDemoTests/Info.plist;
				LD_RUNPATH_SEARCH_PATHS = (
					"$(inherited)",
					"@executable_path/Frameworks",
					"@loader_path/Frameworks",
				);
				PRODUCT_BUNDLE_IDENTIFIER = chaolong.AlipayDemoTests;
				PRODUCT_NAME = "$(TARGET_NAME)";
				TARGETED_DEVICE_FAMILY = "1,2";
				TEST_HOST = "$(BUILT_PRODUCTS_DIR)/AlipayDemo.app/AlipayDemo";
			};
			name = Release;
		};
/* End XCBuildConfiguration section */

/* Begin XCConfigurationList section */
		BCF378C82126B03800CDF998 /* Build configuration list for PBXProject "AlipayDemo" */ = {
			isa = XCConfigurationList;
			buildConfigurations = (
				BCF378EC2126B03A00CDF998 /* Debug */,
				BCF378ED2126B03A00CDF998 /* Release */,
			);
			defaultConfigurationIsVisible = 0;
			defaultConfigurationName = Release;
		};
		BCF378EE2126B03A00CDF998 /* Build configuration list for PBXNativeTarget "AlipayDemo" */ = {
			isa = XCConfigurationList;
			buildConfigurations = (
				BCF378EF2126B03A00CDF998 /* Debug */,
				BCF378F02126B03A00CDF998 /* Release */,
			);
			defaultConfigurationIsVisible = 0;
			defaultConfigurationName = Release;
		};
		BCF378F12126B03A00CDF998 /* Build configuration list for PBXNativeTarget "AlipayDemoTests" */ = {
			isa = XCConfigurationList;
			buildConfigurations = (
				BCF378F22126B03A00CDF998 /* Debug */,
				BCF378F32126B03A00CDF998 /* Release */,
			);
			defaultConfigurationIsVisible = 0;
			defaultConfigurationName = Release;
		};
/* End XCConfigurationList section */
	};
	rootObject = BCF378C52126B03800CDF998 /* Project object */;
}
